
Microsoft Visual Studio Solution File, Format Version 12.00
# Visual Studio Version 16
VisualStudioVersion = 16.0.30011.22
MinimumVisualStudioVersion = 10.0.40219.1
Project("{FAE04EC0-301F-11D3-BF4B-00C04F79EFBC}") = "Monetization_Automation.Base", "Monetization_Automation.Base\Monetization_Automation.Base\Monetization_Automation.Base.csproj", "{C6B1A2F2-62D1-4B62-B6FD-1380DC5E2853}"
EndProject
Project("{FAE04EC0-301F-11D3-BF4B-00C04F79EFBC}") = "Monetization_Automation.Utils", "Monetization_Automation.Utils\Monetization_Automation.Utils\Monetization_Automation.Utils.csproj", "{A892AA91-7769-4E13-A34F-1626322F7EAF}"
EndProject
Project("{FAE04EC0-301F-11D3-BF4B-00C04F79EFBC}") = "Monetization_Automation.Page", "Monetization_Automation.Page\Monetization_Automation.Page\Monetization_Automation.Page.csproj", "{08DC08B3-135B-41F2-83DD-348C3093F660}"
EndProject
Project("{2150E333-8FDC-42A3-9474-1A3956D46DE8}") = "Solution Items", "Solution Items", "{6D228922-02FB-496A-AD98-062034F2438B}"
	ProjectSection(SolutionItems) = preProject
		Monetization_Automation.runsettings = Monetization_Automation.runsettings
	EndProjectSection
EndProject
Project("{FAE04EC0-301F-11D3-BF4B-00C04F79EFBC}") = "Monetization_Automation.Test", "TestingAPI\Monetization_Automation.Test.csproj", "{4B5DC9BC-3F8B-4E7E-954E-29B24809A278}"
EndProject
Global
	GlobalSection(SolutionConfigurationPlatforms) = preSolution
		Debug|Any CPU = Debug|Any CPU
		Release|Any CPU = Release|Any CPU
	EndGlobalSection
	GlobalSection(ProjectConfigurationPlatforms) = postSolution
		{C6B1A2F2-62D1-4B62-B6FD-1380DC5E2853}.Debug|Any CPU.ActiveCfg = Debug|Any CPU
		{C6B1A2F2-62D1-4B62-B6FD-1380DC5E2853}.Debug|Any CPU.Build.0 = Debug|Any CPU
		{C6B1A2F2-62D1-4B62-B6FD-1380DC5E2853}.Release|Any CPU.ActiveCfg = Release|Any CPU
		{C6B1A2F2-62D1-4B62-B6FD-1380DC5E2853}.Release|Any CPU.Build.0 = Release|Any CPU
		{A892AA91-7769-4E13-A34F-1626322F7EAF}.Debug|Any CPU.ActiveCfg = Debug|Any CPU
		{A892AA91-7769-4E13-A34F-1626322F7EAF}.Debug|Any CPU.Build.0 = Debug|Any CPU
		{A892AA91-7769-4E13-A34F-1626322F7EAF}.Release|Any CPU.ActiveCfg = Release|Any CPU
		{A892AA91-7769-4E13-A34F-1626322F7EAF}.Release|Any CPU.Build.0 = Release|Any CPU
		{08DC08B3-135B-41F2-83DD-348C3093F660}.Debug|Any CPU.ActiveCfg = Debug|Any CPU
		{08DC08B3-135B-41F2-83DD-348C3093F660}.Debug|Any CPU.Build.0 = Debug|Any CPU
		{08DC08B3-135B-41F2-83DD-348C3093F660}.Release|Any CPU.ActiveCfg = Release|Any CPU
		{08DC08B3-135B-41F2-83DD-348C3093F660}.Release|Any CPU.Build.0 = Release|Any CPU
		{4B5DC9BC-3F8B-4E7E-954E-29B24809A278}.Debug|Any CPU.ActiveCfg = Debug|Any CPU
		{4B5DC9BC-3F8B-4E7E-954E-29B24809A278}.Debug|Any CPU.Build.0 = Debug|Any CPU
		{4B5DC9BC-3F8B-4E7E-954E-29B24809A278}.Release|Any CPU.ActiveCfg = Release|Any CPU
		{4B5DC9BC-3F8B-4E7E-954E-29B24809A278}.Release|Any CPU.Build.0 = Release|Any CPU
	EndGlobalSection
	GlobalSection(SolutionProperties) = preSolution
		HideSolutionNode = FALSE
	EndGlobalSection
	GlobalSection(ExtensibilityGlobals) = postSolution
		SolutionGuid = {75A532EE-C4E8-409D-AE8E-99F1B1D3FCC1}
	EndGlobalSection
EndGlobal
